// !$*UTF8*$!
{
	archiveVersion = 1;
	classes = {
	};
	objectVersion = 77;
	objects = {

/* Begin PBXBuildFile section */
		1076DBB3B76CE1925874231F /* VimTypes.swift in Sources */ = {isa = PBXBuildFile; fileRef = 4B434306F2B43E356228842A /* VimTypes.swift */; };
		34290FDB0C1829868DE88C00 /* VimEngine.swift in Sources */ = {isa = PBXBuildFile; fileRef = 947501AEBA77BF290004ECEC /* VimEngine.swift */; };
		4BB6777A1A6C89F070171BD3 /* Note.swift in Sources */ = {isa = PBXBuildFile; fileRef = F1F7D2C7D88C48034BC701A4 /* Note.swift */; };
		5882D815E374C83E710DAD74 /* EditorViewModel.swift in Sources */ = {isa = PBXBuildFile; fileRef = F8617EEBA6E70D2A26927B72 /* EditorViewModel.swift */; };
		61D8A70971C918E3D5F27D84 /* ContentView.swift in Sources */ = {isa = PBXBuildFile; fileRef = 7EB1590926E5BB4347FDB7A8 /* ContentView.swift */; };
		718671D1CEC68278A4E56100 /* Config.swift in Sources */ = {isa = PBXBuildFile; fileRef = AB69232F097E8E6DE08F8653 /* Config.swift */; };
		73B0D4A7AB585BB9FA09442C /* VimTextView.swift in Sources */ = {isa = PBXBuildFile; fileRef = C8443CDEBACD2B5E00C7A7AE /* VimTextView.swift */; };
		7DB30D9568D68D1DEDD8B73E /* Supabase in Frameworks */ = {isa = PBXBuildFile; productRef = 849BED9F15CCAFCBB6F06F0F /* Supabase */; };
		84E0A32046BB9A58A5CD51EF /* NoteBlock.swift in Sources */ = {isa = PBXBuildFile; fileRef = 01E8BE059DCACE9782FB8AD6 /* NoteBlock.swift */; };
		87B26896EBB499135A994F18 /* VimCommands.swift in Sources */ = {isa = PBXBuildFile; fileRef = E7192022380E90CD15BBF402 /* VimCommands.swift */; };
		9197D3E7A28EEBC05F0FA96B /* Tag.swift in Sources */ = {isa = PBXBuildFile; fileRef = 4273A6E4367D15876C1BA0DC /* Tag.swift */; };
		A11466CCB021E04C42F0D913 /* MediaBlockView.swift in Sources */ = {isa = PBXBuildFile; fileRef = 6FA4A4022FF18942E902D994 /* MediaBlockView.swift */; };
		A3B8D8BF4645218980CE30FB /* VimOperators.swift in Sources */ = {isa = PBXBuildFile; fileRef = 6B4F4203D739A2014DCC7EF7 /* VimOperators.swift */; };
		AAFCE38D41DCED8DC63A5406 /* SupabaseService.swift in Sources */ = {isa = PBXBuildFile; fileRef = 5BCCF47AAB62BDAC9DF05C2B /* SupabaseService.swift */; };
		B77931C3A20FE5BFB35FB5E9 /* TextBlockView.swift in Sources */ = {isa = PBXBuildFile; fileRef = 4086776DCB9319BCCA68FF54 /* TextBlockView.swift */; };
		B8E1D3032B3EAD6C9233E88D /* BlockEditorView.swift in Sources */ = {isa = PBXBuildFile; fileRef = 6DF23100AE377B3094B8F838 /* BlockEditorView.swift */; };
		BEB3AD04734605E909D8E42C /* ThrowMacApp.swift in Sources */ = {isa = PBXBuildFile; fileRef = 1FA6DAD947E70D10466CEF28 /* ThrowMacApp.swift */; };
		DECD45C109074E5AB174577C /* VimMotions.swift in Sources */ = {isa = PBXBuildFile; fileRef = D0658F7C0603BF583E10F49E /* VimMotions.swift */; };
		F174405477E560D9F9DD05F0 /* VimTextObjects.swift in Sources */ = {isa = PBXBuildFile; fileRef = 507599937574784AE213FE0C /* VimTextObjects.swift */; };
/* End PBXBuildFile section */

/* Begin PBXFileReference section */
		01E8BE059DCACE9782FB8AD6 /* NoteBlock.swift */ = {isa = PBXFileReference; lastKnownFileType = sourcecode.swift; path = NoteBlock.swift; sourceTree = "<group>"; };
		1FA6DAD947E70D10466CEF28 /* ThrowMacApp.swift */ = {isa = PBXFileReference; lastKnownFileType = sourcecode.swift; path = ThrowMacApp.swift; sourceTree = "<group>"; };
		4086776DCB9319BCCA68FF54 /* TextBlockView.swift */ = {isa = PBXFileReference; lastKnownFileType = sourcecode.swift; path = TextBlockView.swift; sourceTree = "<group>"; };
		4273A6E4367D15876C1BA0DC /* Tag.swift */ = {isa = PBXFileReference; lastKnownFileType = sourcecode.swift; path = Tag.swift; sourceTree = "<group>"; };
		4B434306F2B43E356228842A /* VimTypes.swift */ = {isa = PBXFileReference; lastKnownFileType = sourcecode.swift; path = VimTypes.swift; sourceTree = "<group>"; };
		507599937574784AE213FE0C /* VimTextObjects.swift */ = {isa = PBXFileReference; lastKnownFileType = sourcecode.swift; path = VimTextObjects.swift; sourceTree = "<group>"; };
		5BCCF47AAB62BDAC9DF05C2B /* SupabaseService.swift */ = {isa = PBXFileReference; lastKnownFileType = sourcecode.swift; path = SupabaseService.swift; sourceTree = "<group>"; };
		6B4F4203D739A2014DCC7EF7 /* VimOperators.swift */ = {isa = PBXFileReference; lastKnownFileType = sourcecode.swift; path = VimOperators.swift; sourceTree = "<group>"; };
		6DF23100AE377B3094B8F838 /* BlockEditorView.swift */ = {isa = PBXFileReference; lastKnownFileType = sourcecode.swift; path = BlockEditorView.swift; sourceTree = "<group>"; };
		6FA4A4022FF18942E902D994 /* MediaBlockView.swift */ = {isa = PBXFileReference; lastKnownFileType = sourcecode.swift; path = MediaBlockView.swift; sourceTree = "<group>"; };
		7EB1590926E5BB4347FDB7A8 /* ContentView.swift */ = {isa = PBXFileReference; lastKnownFileType = sourcecode.swift; path = ContentView.swift; sourceTree = "<group>"; };
		947501AEBA77BF290004ECEC /* VimEngine.swift */ = {isa = PBXFileReference; lastKnownFileType = sourcecode.swift; path = VimEngine.swift; sourceTree = "<group>"; };
		AB69232F097E8E6DE08F8653 /* Config.swift */ = {isa = PBXFileReference; lastKnownFileType = sourcecode.swift; path = Config.swift; sourceTree = "<group>"; };
		C8443CDEBACD2B5E00C7A7AE /* VimTextView.swift */ = {isa = PBXFileReference; lastKnownFileType = sourcecode.swift; path = VimTextView.swift; sourceTree = "<group>"; };
		D0658F7C0603BF583E10F49E /* VimMotions.swift */ = {isa = PBXFileReference; lastKnownFileType = sourcecode.swift; path = VimMotions.swift; sourceTree = "<group>"; };
		E7192022380E90CD15BBF402 /* VimCommands.swift */ = {isa = PBXFileReference; lastKnownFileType = sourcecode.swift; path = VimCommands.swift; sourceTree = "<group>"; };
		E724BA9201B928D7AF3CC881 /* ThrowMac.entitlements */ = {isa = PBXFileReference; lastKnownFileType = text.plist.entitlements; path = ThrowMac.entitlements; sourceTree = "<group>"; };
		ECBC8AFF39F51F3ECB22105C /* ThrowMac.app */ = {isa = PBXFileReference; explicitFileType = wrapper.application; includeInIndex = 0; path = ThrowMac.app; sourceTree = BUILT_PRODUCTS_DIR; };
		F1F7D2C7D88C48034BC701A4 /* Note.swift */ = {isa = PBXFileReference; lastKnownFileType = sourcecode.swift; path = Note.swift; sourceTree = "<group>"; };
		F8617EEBA6E70D2A26927B72 /* EditorViewModel.swift */ = {isa = PBXFileReference; lastKnownFileType = sourcecode.swift; path = EditorViewModel.swift; sourceTree = "<group>"; };
/* End PBXFileReference section */

/* Begin PBXFrameworksBuildPhase section */
		6E965FDE7607E91DDE5C37CE /* Frameworks */ = {
			isa = PBXFrameworksBuildPhase;
			buildActionMask = 2147483647;
			files = (
				7DB30D9568D68D1DEDD8B73E /* Supabase in Frameworks */,
			);
			runOnlyForDeploymentPostprocessing = 0;
		};
/* End PBXFrameworksBuildPhase section */

/* Begin PBXGroup section */
		0706A6216137CC7EEAB1E99C /* ThrowMac */ = {
			isa = PBXGroup;
			children = (
				D8661B2F6F71EB049D5EF2EC /* App */,
				537EA43C580D2D114F136013 /* Models */,
				3074A1B3696E93D5061D0214 /* Services */,
				E65E75F2CCA9FD72CB388BF8 /* Utilities */,
				C162DE2F665609094DE8737C /* ViewModels */,
				722AED7360CC66BF5D7EA839 /* Views */,
				ED8FD1F25275AB2FB33C6B5B /* Vim */,
			);
			path = ThrowMac;
			sourceTree = "<group>";
		};
		144FECC033A5678ADD6C4235 = {
			isa = PBXGroup;
			children = (
				0706A6216137CC7EEAB1E99C /* ThrowMac */,
				FFC50EB1A1AEC750FEEF6CEC /* Products */,
			);
			sourceTree = "<group>";
		};
		3074A1B3696E93D5061D0214 /* Services */ = {
			isa = PBXGroup;
			children = (
				5BCCF47AAB62BDAC9DF05C2B /* SupabaseService.swift */,
			);
			path = Services;
			sourceTree = "<group>";
		};
		537EA43C580D2D114F136013 /* Models */ = {
			isa = PBXGroup;
			children = (
				F1F7D2C7D88C48034BC701A4 /* Note.swift */,
				01E8BE059DCACE9782FB8AD6 /* NoteBlock.swift */,
				4273A6E4367D15876C1BA0DC /* Tag.swift */,
			);
			path = Models;
			sourceTree = "<group>";
		};
		5A0C2E8E8C078434922165C4 /* BlockEditor */ = {
			isa = PBXGroup;
			children = (
				6DF23100AE377B3094B8F838 /* BlockEditorView.swift */,
				6FA4A4022FF18942E902D994 /* MediaBlockView.swift */,
				4086776DCB9319BCCA68FF54 /* TextBlockView.swift */,
			);
			path = BlockEditor;
			sourceTree = "<group>";
		};
		722AED7360CC66BF5D7EA839 /* Views */ = {
			isa = PBXGroup;
			children = (
				7EB1590926E5BB4347FDB7A8 /* ContentView.swift */,
				C8443CDEBACD2B5E00C7A7AE /* VimTextView.swift */,
				5A0C2E8E8C078434922165C4 /* BlockEditor */,
			);
			path = Views;
			sourceTree = "<group>";
		};
		C162DE2F665609094DE8737C /* ViewModels */ = {
			isa = PBXGroup;
			children = (
				F8617EEBA6E70D2A26927B72 /* EditorViewModel.swift */,
			);
			path = ViewModels;
			sourceTree = "<group>";
		};
		D8661B2F6F71EB049D5EF2EC /* App */ = {
			isa = PBXGroup;
			children = (
				AB69232F097E8E6DE08F8653 /* Config.swift */,
				E724BA9201B928D7AF3CC881 /* ThrowMac.entitlements */,
				1FA6DAD947E70D10466CEF28 /* ThrowMacApp.swift */,
			);
			path = App;
			sourceTree = "<group>";
		};
		E65E75F2CCA9FD72CB388BF8 /* Utilities */ = {
			isa = PBXGroup;
			children = (
			);
			path = Utilities;
			sourceTree = "<group>";
		};
		ED8FD1F25275AB2FB33C6B5B /* Vim */ = {
			isa = PBXGroup;
			children = (
				E7192022380E90CD15BBF402 /* VimCommands.swift */,
				947501AEBA77BF290004ECEC /* VimEngine.swift */,
				D0658F7C0603BF583E10F49E /* VimMotions.swift */,
				6B4F4203D739A2014DCC7EF7 /* VimOperators.swift */,
				507599937574784AE213FE0C /* VimTextObjects.swift */,
				4B434306F2B43E356228842A /* VimTypes.swift */,
			);
			path = Vim;
			sourceTree = "<group>";
		};
		FFC50EB1A1AEC750FEEF6CEC /* Products */ = {
			isa = PBXGroup;
			children = (
				ECBC8AFF39F51F3ECB22105C /* ThrowMac.app */,
			);
			name = Products;
			sourceTree = "<group>";
		};
/* End PBXGroup section */

/* Begin PBXNativeTarget section */
		1338BFE637CC244A903AE150 /* ThrowMac */ = {
			isa = PBXNativeTarget;
			buildConfigurationList = C8C9388A595CA86E5BFC066E /* Build configuration list for PBXNativeTarget "ThrowMac" */;
			buildPhases = (
				0D3AB0D200B50BCE0D6D679C /* Sources */,
				6E965FDE7607E91DDE5C37CE /* Frameworks */,
			);
			buildRules = (
			);
			dependencies = (
			);
			name = ThrowMac;
			packageProductDependencies = (
				849BED9F15CCAFCBB6F06F0F /* Supabase */,
			);
			productName = ThrowMac;
			productReference = ECBC8AFF39F51F3ECB22105C /* ThrowMac.app */;
			productType = "com.apple.product-type.application";
		};
/* End PBXNativeTarget section */

/* Begin PBXProject section */
		769C38EAF677A66DAA8FB277 /* Project object */ = {
			isa = PBXProject;
			attributes = {
				BuildIndependentTargetsInParallel = YES;
				LastUpgradeCheck = 1600;
				TargetAttributes = {
					1338BFE637CC244A903AE150 = {
						DevelopmentTeam = J2Y925QHNV;
						ProvisioningStyle = Automatic;
					};
				};
			};
			buildConfigurationList = E52156C10C8FC26918375CBE /* Build configuration list for PBXProject "ThrowMac" */;
			compatibilityVersion = "Xcode 14.0";
			developmentRegion = en;
			hasScannedForEncodings = 0;
			knownRegions = (
				Base,
				en,
			);
			mainGroup = 144FECC033A5678ADD6C4235;
			minimizedProjectReferenceProxies = 1;
			packageReferences = (
				7FFD1196F6460502D1DBD2FB /* XCRemoteSwiftPackageReference "supabase-swift" */,
			);
			preferredProjectObjectVersion = 77;
			projectDirPath = "";
			projectRoot = "";
			targets = (
				1338BFE637CC244A903AE150 /* ThrowMac */,
			);
		};
/* End PBXProject section */

/* Begin PBXSourcesBuildPhase section */
		0D3AB0D200B50BCE0D6D679C /* Sources */ = {
			isa = PBXSourcesBuildPhase;
			buildActionMask = 2147483647;
			files = (
				B8E1D3032B3EAD6C9233E88D /* BlockEditorView.swift in Sources */,
				718671D1CEC68278A4E56100 /* Config.swift in Sources */,
				61D8A70971C918E3D5F27D84 /* ContentView.swift in Sources */,
				5882D815E374C83E710DAD74 /* EditorViewModel.swift in Sources */,
				A11466CCB021E04C42F0D913 /* MediaBlockView.swift in Sources */,
				4BB6777A1A6C89F070171BD3 /* Note.swift in Sources */,
				84E0A32046BB9A58A5CD51EF /* NoteBlock.swift in Sources */,
				AAFCE38D41DCED8DC63A5406 /* SupabaseService.swift in Sources */,
				9197D3E7A28EEBC05F0FA96B /* Tag.swift in Sources */,
				B77931C3A20FE5BFB35FB5E9 /* TextBlockView.swift in Sources */,
				BEB3AD04734605E909D8E42C /* ThrowMacApp.swift in Sources */,
				87B26896EBB499135A994F18 /* VimCommands.swift in Sources */,
				34290FDB0C1829868DE88C00 /* VimEngine.swift in Sources */,
				DECD45C109074E5AB174577C /* VimMotions.swift in Sources */,
				A3B8D8BF4645218980CE30FB /* VimOperators.swift in Sources */,
				F174405477E560D9F9DD05F0 /* VimTextObjects.swift in Sources */,
				73B0D4A7AB585BB9FA09442C /* VimTextView.swift in Sources */,
				1076DBB3B76CE1925874231F /* VimTypes.swift in Sources */,
			);
			runOnlyForDeploymentPostprocessing = 0;
		};
/* End PBXSourcesBuildPhase section */

/* Begin XCBuildConfiguration section */
		04540AD578EF0C5DCDF489F3 /* Release */ = {
			isa = XCBuildConfiguration;
			buildSettings = {
				ALWAYS_SEARCH_USER_PATHS = NO;
				CLANG_ANALYZER_NONNULL = YES;
				CLANG_ANALYZER_NUMBER_OBJECT_CONVERSION = YES_AGGRESSIVE;
				CLANG_CXX_LANGUAGE_STANDARD = "gnu++14";
				CLANG_CXX_LIBRARY = "libc++";
				CLANG_ENABLE_MODULES = YES;
				CLANG_ENABLE_OBJC_ARC = YES;
				CLANG_ENABLE_OBJC_WEAK = YES;
				CLANG_WARN_BLOCK_CAPTURE_AUTORELEASING = YES;
				CLANG_WARN_BOOL_CONVERSION = YES;
				CLANG_WARN_COMMA = YES;
				CLANG_WARN_CONSTANT_CONVERSION = YES;
				CLANG_WARN_DEPRECATED_OBJC_IMPLEMENTATIONS = YES;
				CLANG_WARN_DIRECT_OBJC_ISA_USAGE = YES_ERROR;
				CLANG_WARN_DOCUMENTATION_COMMENTS = YES;
				CLANG_WARN_EMPTY_BODY = YES;
				CLANG_WARN_ENUM_CONVERSION = YES;
				CLANG_WARN_INFINITE_RECURSION = YES;
				CLANG_WARN_INT_CONVERSION = YES;
				CLANG_WARN_NON_LITERAL_NULL_CONVERSION = YES;
				CLANG_WARN_OBJC_IMPLICIT_RETAIN_SELF = YES;
				CLANG_WARN_OBJC_LITERAL_CONVERSION = YES;
				CLANG_WARN_OBJC_ROOT_CLASS = YES_ERROR;
				CLANG_WARN_QUOTED_INCLUDE_IN_FRAMEWORK_HEADER = YES;
				CLANG_WARN_RANGE_LOOP_ANALYSIS = YES;
				CLANG_WARN_STRICT_PROTOTYPES = YES;
				CLANG_WARN_SUSPICIOUS_MOVE = YES;
				CLANG_WARN_UNGUARDED_AVAILABILITY = YES_AGGRESSIVE;
				CLANG_WARN_UNREACHABLE_CODE = YES;
				CLANG_WARN__DUPLICATE_METHOD_MATCH = YES;
				CODE_SIGN_STYLE = Automatic;
				COPY_PHASE_STRIP = NO;
				DEBUG_INFORMATION_FORMAT = "dwarf-with-dsym";
				DEVELOPMENT_TEAM = J2Y925QHNV;
				ENABLE_NS_ASSERTIONS = NO;
				ENABLE_STRICT_OBJC_MSGSEND = YES;
				GCC_C_LANGUAGE_STANDARD = gnu11;
				GCC_NO_COMMON_BLOCKS = YES;
				GCC_WARN_64_TO_32_BIT_CONVERSION = YES;
				GCC_WARN_ABOUT_RETURN_TYPE = YES_ERROR;
				GCC_WARN_UNDECLARED_SELECTOR = YES;
				GCC_WARN_UNINITIALIZED_AUTOS = YES_AGGRESSIVE;
				GCC_WARN_UNUSED_FUNCTION = YES;
				GCC_WARN_UNUSED_VARIABLE = YES;
				MACOSX_DEPLOYMENT_TARGET = 14.0;
				MTL_ENABLE_DEBUG_INFO = NO;
				MTL_FAST_MATH = YES;
				PRODUCT_NAME = "$(TARGET_NAME)";
				SDKROOT = macosx;
				SWIFT_COMPILATION_MODE = wholemodule;
				SWIFT_OPTIMIZATION_LEVEL = "-O";
				SWIFT_VERSION = 5.9;
			};
			name = Release;
		};
		2B21C137EABA878576496E62 /* Debug */ = {
			isa = XCBuildConfiguration;
			buildSettings = {
				ALWAYS_SEARCH_USER_PATHS = NO;
				CLANG_ANALYZER_NONNULL = YES;
				CLANG_ANALYZER_NUMBER_OBJECT_CONVERSION = YES_AGGRESSIVE;
				CLANG_CXX_LANGUAGE_STANDARD = "gnu++14";
				CLANG_CXX_LIBRARY = "libc++";
				CLANG_ENABLE_MODULES = YES;
				CLANG_ENABLE_OBJC_ARC = YES;
				CLANG_ENABLE_OBJC_WEAK = YES;
				CLANG_WARN_BLOCK_CAPTURE_AUTORELEASING = YES;
				CLANG_WARN_BOOL_CONVERSION = YES;
				CLANG_WARN_COMMA = YES;
				CLANG_WARN_CONSTANT_CONVERSION = YES;
				CLANG_WARN_DEPRECATED_OBJC_IMPLEMENTATIONS = YES;
				CLANG_WARN_DIRECT_OBJC_ISA_USAGE = YES_ERROR;
				CLANG_WARN_DOCUMENTATION_COMMENTS = YES;
				CLANG_WARN_EMPTY_BODY = YES;
				CLANG_WARN_ENUM_CONVERSION = YES;
				CLANG_WARN_INFINITE_RECURSION = YES;
				CLANG_WARN_INT_CONVERSION = YES;
				CLANG_WARN_NON_LITERAL_NULL_CONVERSION = YES;
				CLANG_WARN_OBJC_IMPLICIT_RETAIN_SELF = YES;
				CLANG_WARN_OBJC_LITERAL_CONVERSION = YES;
				CLANG_WARN_OBJC_ROOT_CLASS = YES_ERROR;
				CLANG_WARN_QUOTED_INCLUDE_IN_FRAMEWORK_HEADER = YES;
				CLANG_WARN_RANGE_LOOP_ANALYSIS = YES;
				CLANG_WARN_STRICT_PROTOTYPES = YES;
				CLANG_WARN_SUSPICIOUS_MOVE = YES;
				CLANG_WARN_UNGUARDED_AVAILABILITY = YES_AGGRESSIVE;
				CLANG_WARN_UNREACHABLE_CODE = YES;
				CLANG_WARN__DUPLICATE_METHOD_MATCH = YES;
				CODE_SIGN_STYLE = Automatic;
				COPY_PHASE_STRIP = NO;
				DEBUG_INFORMATION_FORMAT = dwarf;
				DEVELOPMENT_TEAM = J2Y925QHNV;
				ENABLE_STRICT_OBJC_MSGSEND = YES;
				ENABLE_TESTABILITY = YES;
				GCC_C_LANGUAGE_STANDARD = gnu11;
				GCC_DYNAMIC_NO_PIC = NO;
				GCC_NO_COMMON_BLOCKS = YES;
				GCC_OPTIMIZATION_LEVEL = 0;
				GCC_PREPROCESSOR_DEFINITIONS = (
					"$(inherited)",
					"DEBUG=1",
				);
				GCC_WARN_64_TO_32_BIT_CONVERSION = YES;
				GCC_WARN_ABOUT_RETURN_TYPE = YES_ERROR;
				GCC_WARN_UNDECLARED_SELECTOR = YES;
				GCC_WARN_UNINITIALIZED_AUTOS = YES_AGGRESSIVE;
				GCC_WARN_UNUSED_FUNCTION = YES;
				GCC_WARN_UNUSED_VARIABLE = YES;
				MACOSX_DEPLOYMENT_TARGET = 14.0;
				MTL_ENABLE_DEBUG_INFO = INCLUDE_SOURCE;
				MTL_FAST_MATH = YES;
				ONLY_ACTIVE_ARCH = YES;
				PRODUCT_NAME = "$(TARGET_NAME)";
				SDKROOT = macosx;
				SWIFT_ACTIVE_COMPILATION_CONDITIONS = DEBUG;
				SWIFT_OPTIMIZATION_LEVEL = "-Onone";
				SWIFT_VERSION = 5.9;
			};
			name = Debug;
		};
		65BE70DF297D1002AB20E394 /* Release */ = {
			isa = XCBuildConfiguration;
			buildSettings = {
				ASSETCATALOG_COMPILER_APPICON_NAME = AppIcon;
				CODE_SIGN_ENTITLEMENTS = ThrowMac/App/ThrowMac.entitlements;
				COMBINE_HIDPI_IMAGES = YES;
				GENERATE_INFOPLIST_FILE = YES;
				INFOPLIST_KEY_CFBundleDisplayName = Throw;
				INFOPLIST_KEY_LSApplicationCategoryType = "public.app-category.productivity";
				INFOPLIST_KEY_NSHumanReadableCopyright = "Copyright © 2025 IntelliEffect. All rights reserved.";
				LD_RUNPATH_SEARCH_PATHS = (
					"$(inherited)",
					"@executable_path/../Frameworks",
				);
				PRODUCT_BUNDLE_IDENTIFIER = com.intellieffect.throw.mac;
				PRODUCT_NAME = Throw;
				SDKROOT = macosx;
			};
			name = Release;
		};
		A74F3901A1978A9D3A65D5A8 /* Debug */ = {
			isa = XCBuildConfiguration;
			buildSettings = {
				ASSETCATALOG_COMPILER_APPICON_NAME = AppIcon;
				CODE_SIGN_ENTITLEMENTS = ThrowMac/App/ThrowMac.entitlements;
				COMBINE_HIDPI_IMAGES = YES;
				GENERATE_INFOPLIST_FILE = YES;
				INFOPLIST_KEY_CFBundleDisplayName = Throw;
				INFOPLIST_KEY_LSApplicationCategoryType = "public.app-category.productivity";
				INFOPLIST_KEY_NSHumanReadableCopyright = "Copyright © 2025 IntelliEffect. All rights reserved.";
				LD_RUNPATH_SEARCH_PATHS = (
					"$(inherited)",
					"@executable_path/../Frameworks",
				);
				PRODUCT_BUNDLE_IDENTIFIER = com.intellieffect.throw.mac;
				PRODUCT_NAME = Throw;
				SDKROOT = macosx;
			};
			name = Debug;
		};
/* End XCBuildConfiguration section */

/* Begin XCConfigurationList section */
		C8C9388A595CA86E5BFC066E /* Build configuration list for PBXNativeTarget "ThrowMac" */ = {
			isa = XCConfigurationList;
			buildConfigurations = (
				A74F3901A1978A9D3A65D5A8 /* Debug */,
				65BE70DF297D1002AB20E394 /* Release */,
			);
			defaultConfigurationIsVisible = 0;
			defaultConfigurationName = Debug;
		};
		E52156C10C8FC26918375CBE /* Build configuration list for PBXProject "ThrowMac" */ = {
			isa = XCConfigurationList;
			buildConfigurations = (
				2B21C137EABA878576496E62 /* Debug */,
				04540AD578EF0C5DCDF489F3 /* Release */,
			);
			defaultConfigurationIsVisible = 0;
			defaultConfigurationName = Debug;
		};
/* End XCConfigurationList section */

/* Begin XCRemoteSwiftPackageReference section */
		7FFD1196F6460502D1DBD2FB /* XCRemoteSwiftPackageReference "supabase-swift" */ = {
			isa = XCRemoteSwiftPackageReference;
			repositoryURL = "https://github.com/supabase/supabase-swift";
			requirement = {
				kind = upToNextMajorVersion;
				minimumVersion = 2.0.0;
			};
		};
/* End XCRemoteSwiftPackageReference section */

/* Begin XCSwiftPackageProductDependency section */
		849BED9F15CCAFCBB6F06F0F /* Supabase */ = {
			isa = XCSwiftPackageProductDependency;
			package = 7FFD1196F6460502D1DBD2FB /* XCRemoteSwiftPackageReference "supabase-swift" */;
			productName = Supabase;
		};
/* End XCSwiftPackageProductDependency section */
	};
	rootObject = 769C38EAF677A66DAA8FB277 /* Project object */;
}
