// !$*UTF8*$!
{
	archiveVersion = 1;
	classes = {
	};
	objectVersion = 77;
	objects = {

/* Begin PBXBuildFile section */
		01526B5C3EFAAB7F4830B595 /* EditorViewModel.swift in Sources */ = {isa = PBXBuildFile; fileRef = AF5B566FAA065BC34E883D64 /* EditorViewModel.swift */; };
		0A73A0FAB8DF7249D0E050CE /* SidebarView.swift in Sources */ = {isa = PBXBuildFile; fileRef = A57BA2B04A9EE84AE39050A8 /* SidebarView.swift */; };
		178E498A4F54153F693FA60B /* ConflictResolver.swift in Sources */ = {isa = PBXBuildFile; fileRef = 3EB053401B888FDF020DFC26 /* ConflictResolver.swift */; };
		21CCAB4902B5130E8ABBEFA1 /* LocalFileService.swift in Sources */ = {isa = PBXBuildFile; fileRef = 49C41D515EAC505FE682827E /* LocalFileService.swift */; };
		56F2CB82BC134407D94BD0CC /* ContentView.swift in Sources */ = {isa = PBXBuildFile; fileRef = E67B17A1C882791E53FF8C44 /* ContentView.swift */; };
		588825A2ECE69EDE020F1E2A /* Config.swift in Sources */ = {isa = PBXBuildFile; fileRef = 2FFD09C9444CEEAC72E0F25A /* Config.swift */; };
		743974F0ADFA4E2472208E7E /* SupabaseService.swift in Sources */ = {isa = PBXBuildFile; fileRef = 6E4BA499209E3FA9076077B4 /* SupabaseService.swift */; };
		771F6AFE1AA9731EB6BA5A6F /* EditorView.swift in Sources */ = {isa = PBXBuildFile; fileRef = 3589A09D8426982E68EDCFDF /* EditorView.swift */; };
		7EE9046145DC29DCE8A61B19 /* MarkdownParser.swift in Sources */ = {isa = PBXBuildFile; fileRef = D6585FDFD88EB518E65060B2 /* MarkdownParser.swift */; };
		AF1D3A332A0801437578638C /* JournalMacApp.swift in Sources */ = {isa = PBXBuildFile; fileRef = DF8AEEB9A42CC1A1981B5375 /* JournalMacApp.swift */; };
		B7088FA349CC7306E85D1462 /* Supabase in Frameworks */ = {isa = PBXBuildFile; productRef = 70943F4220CCC5F0F0A81F7A /* Supabase */; };
		ED05156AC38546AA621F7003 /* JournalEntry.swift in Sources */ = {isa = PBXBuildFile; fileRef = 91A48C2AE5728B1BBD3944B2 /* JournalEntry.swift */; };
/* End PBXBuildFile section */

/* Begin PBXFileReference section */
		2FFD09C9444CEEAC72E0F25A /* Config.swift */ = {isa = PBXFileReference; lastKnownFileType = sourcecode.swift; path = Config.swift; sourceTree = "<group>"; };
		3589A09D8426982E68EDCFDF /* EditorView.swift */ = {isa = PBXFileReference; lastKnownFileType = sourcecode.swift; path = EditorView.swift; sourceTree = "<group>"; };
		3EB053401B888FDF020DFC26 /* ConflictResolver.swift */ = {isa = PBXFileReference; lastKnownFileType = sourcecode.swift; path = ConflictResolver.swift; sourceTree = "<group>"; };
		49C41D515EAC505FE682827E /* LocalFileService.swift */ = {isa = PBXFileReference; lastKnownFileType = sourcecode.swift; path = LocalFileService.swift; sourceTree = "<group>"; };
		6E4BA499209E3FA9076077B4 /* SupabaseService.swift */ = {isa = PBXFileReference; lastKnownFileType = sourcecode.swift; path = SupabaseService.swift; sourceTree = "<group>"; };
		91A48C2AE5728B1BBD3944B2 /* JournalEntry.swift */ = {isa = PBXFileReference; lastKnownFileType = sourcecode.swift; path = JournalEntry.swift; sourceTree = "<group>"; };
		A57BA2B04A9EE84AE39050A8 /* SidebarView.swift */ = {isa = PBXFileReference; lastKnownFileType = sourcecode.swift; path = SidebarView.swift; sourceTree = "<group>"; };
		AF5B566FAA065BC34E883D64 /* EditorViewModel.swift */ = {isa = PBXFileReference; lastKnownFileType = sourcecode.swift; path = EditorViewModel.swift; sourceTree = "<group>"; };
		B0DE8A1A8A37026667057FEC /* JournalMac.app */ = {isa = PBXFileReference; explicitFileType = wrapper.application; includeInIndex = 0; path = JournalMac.app; sourceTree = BUILT_PRODUCTS_DIR; };
		BB494F2B1CA4960A8F3CFFAE /* JournalMac.entitlements */ = {isa = PBXFileReference; lastKnownFileType = text.plist.entitlements; path = JournalMac.entitlements; sourceTree = "<group>"; };
		D6585FDFD88EB518E65060B2 /* MarkdownParser.swift */ = {isa = PBXFileReference; lastKnownFileType = sourcecode.swift; path = MarkdownParser.swift; sourceTree = "<group>"; };
		DF8AEEB9A42CC1A1981B5375 /* JournalMacApp.swift */ = {isa = PBXFileReference; lastKnownFileType = sourcecode.swift; path = JournalMacApp.swift; sourceTree = "<group>"; };
		E67B17A1C882791E53FF8C44 /* ContentView.swift */ = {isa = PBXFileReference; lastKnownFileType = sourcecode.swift; path = ContentView.swift; sourceTree = "<group>"; };
/* End PBXFileReference section */

/* Begin PBXFrameworksBuildPhase section */
		7E0B76AC6A208CB0519F287C /* Frameworks */ = {
			isa = PBXFrameworksBuildPhase;
			buildActionMask = 2147483647;
			files = (
				B7088FA349CC7306E85D1462 /* Supabase in Frameworks */,
			);
			runOnlyForDeploymentPostprocessing = 0;
		};
/* End PBXFrameworksBuildPhase section */

/* Begin PBXGroup section */
		01C279378A463A731ECD6801 /* Models */ = {
			isa = PBXGroup;
			children = (
				91A48C2AE5728B1BBD3944B2 /* JournalEntry.swift */,
			);
			path = Models;
			sourceTree = "<group>";
		};
		021A2FDC7FA2D9745ED89B98 /* Products */ = {
			isa = PBXGroup;
			children = (
				B0DE8A1A8A37026667057FEC /* JournalMac.app */,
			);
			name = Products;
			sourceTree = "<group>";
		};
		1C001958A850305A5DA80142 /* Utilities */ = {
			isa = PBXGroup;
			children = (
				3EB053401B888FDF020DFC26 /* ConflictResolver.swift */,
			);
			path = Utilities;
			sourceTree = "<group>";
		};
		27EFCECA15AF35C9D667E491 /* JournalMac */ = {
			isa = PBXGroup;
			children = (
				5C302CC0396315A098200671 /* App */,
				01C279378A463A731ECD6801 /* Models */,
				624303DD34AC5ADE1B2875C2 /* Services */,
				1C001958A850305A5DA80142 /* Utilities */,
				A2471D1CE4D5354F2EA229D0 /* ViewModels */,
				D389D08C460DF2F1F37BBD01 /* Views */,
			);
			path = JournalMac;
			sourceTree = "<group>";
		};
		5C302CC0396315A098200671 /* App */ = {
			isa = PBXGroup;
			children = (
				2FFD09C9444CEEAC72E0F25A /* Config.swift */,
				BB494F2B1CA4960A8F3CFFAE /* JournalMac.entitlements */,
				DF8AEEB9A42CC1A1981B5375 /* JournalMacApp.swift */,
			);
			path = App;
			sourceTree = "<group>";
		};
		624303DD34AC5ADE1B2875C2 /* Services */ = {
			isa = PBXGroup;
			children = (
				49C41D515EAC505FE682827E /* LocalFileService.swift */,
				D6585FDFD88EB518E65060B2 /* MarkdownParser.swift */,
				6E4BA499209E3FA9076077B4 /* SupabaseService.swift */,
			);
			path = Services;
			sourceTree = "<group>";
		};
		A2471D1CE4D5354F2EA229D0 /* ViewModels */ = {
			isa = PBXGroup;
			children = (
				AF5B566FAA065BC34E883D64 /* EditorViewModel.swift */,
			);
			path = ViewModels;
			sourceTree = "<group>";
		};
		D389D08C460DF2F1F37BBD01 /* Views */ = {
			isa = PBXGroup;
			children = (
				E67B17A1C882791E53FF8C44 /* ContentView.swift */,
				3589A09D8426982E68EDCFDF /* EditorView.swift */,
				A57BA2B04A9EE84AE39050A8 /* SidebarView.swift */,
			);
			path = Views;
			sourceTree = "<group>";
		};
		DF8C4F56A54B4A6D1AC568E0 = {
			isa = PBXGroup;
			children = (
				27EFCECA15AF35C9D667E491 /* JournalMac */,
				021A2FDC7FA2D9745ED89B98 /* Products */,
			);
			sourceTree = "<group>";
		};
/* End PBXGroup section */

/* Begin PBXNativeTarget section */
		215130113717B790FA7190D2 /* JournalMac */ = {
			isa = PBXNativeTarget;
			buildConfigurationList = 6846D953883E0693EB4B34B1 /* Build configuration list for PBXNativeTarget "JournalMac" */;
			buildPhases = (
				84E1986397BFBB353DA220D2 /* Sources */,
				7E0B76AC6A208CB0519F287C /* Frameworks */,
			);
			buildRules = (
			);
			dependencies = (
			);
			name = JournalMac;
			packageProductDependencies = (
				70943F4220CCC5F0F0A81F7A /* Supabase */,
			);
			productName = JournalMac;
			productReference = B0DE8A1A8A37026667057FEC /* JournalMac.app */;
			productType = "com.apple.product-type.application";
		};
/* End PBXNativeTarget section */

/* Begin PBXProject section */
		EF10DE9D60200A21CE048B2D /* Project object */ = {
			isa = PBXProject;
			attributes = {
				BuildIndependentTargetsInParallel = YES;
				LastUpgradeCheck = 1600;
				TargetAttributes = {
					215130113717B790FA7190D2 = {
						DevelopmentTeam = J2Y925QHNV;
						ProvisioningStyle = Automatic;
					};
				};
			};
			buildConfigurationList = FE7B176D8236337F0C12557C /* Build configuration list for PBXProject "JournalMac" */;
			compatibilityVersion = "Xcode 14.0";
			developmentRegion = en;
			hasScannedForEncodings = 0;
			knownRegions = (
				Base,
				en,
			);
			mainGroup = DF8C4F56A54B4A6D1AC568E0;
			minimizedProjectReferenceProxies = 1;
			packageReferences = (
				B15930DEC56FAAB9E88A7BFE /* XCRemoteSwiftPackageReference "supabase-swift" */,
			);
			preferredProjectObjectVersion = 77;
			projectDirPath = "";
			projectRoot = "";
			targets = (
				215130113717B790FA7190D2 /* JournalMac */,
			);
		};
/* End PBXProject section */

/* Begin PBXSourcesBuildPhase section */
		84E1986397BFBB353DA220D2 /* Sources */ = {
			isa = PBXSourcesBuildPhase;
			buildActionMask = 2147483647;
			files = (
				588825A2ECE69EDE020F1E2A /* Config.swift in Sources */,
				178E498A4F54153F693FA60B /* ConflictResolver.swift in Sources */,
				56F2CB82BC134407D94BD0CC /* ContentView.swift in Sources */,
				771F6AFE1AA9731EB6BA5A6F /* EditorView.swift in Sources */,
				01526B5C3EFAAB7F4830B595 /* EditorViewModel.swift in Sources */,
				ED05156AC38546AA621F7003 /* JournalEntry.swift in Sources */,
				AF1D3A332A0801437578638C /* JournalMacApp.swift in Sources */,
				21CCAB4902B5130E8ABBEFA1 /* LocalFileService.swift in Sources */,
				7EE9046145DC29DCE8A61B19 /* MarkdownParser.swift in Sources */,
				0A73A0FAB8DF7249D0E050CE /* SidebarView.swift in Sources */,
				743974F0ADFA4E2472208E7E /* SupabaseService.swift in Sources */,
			);
			runOnlyForDeploymentPostprocessing = 0;
		};
/* End PBXSourcesBuildPhase section */

/* Begin XCBuildConfiguration section */
		46F8B0E81C30483D099EF5B8 /* Debug */ = {
			isa = XCBuildConfiguration;
			buildSettings = {
				ALWAYS_SEARCH_USER_PATHS = NO;
				CLANG_ANALYZER_NONNULL = YES;
				CLANG_ANALYZER_NUMBER_OBJECT_CONVERSION = YES_AGGRESSIVE;
				CLANG_CXX_LANGUAGE_STANDARD = "gnu++14";
				CLANG_CXX_LIBRARY = "libc++";
				CLANG_ENABLE_MODULES = YES;
				CLANG_ENABLE_OBJC_ARC = YES;
				CLANG_ENABLE_OBJC_WEAK = YES;
				CLANG_WARN_BLOCK_CAPTURE_AUTORELEASING = YES;
				CLANG_WARN_BOOL_CONVERSION = YES;
				CLANG_WARN_COMMA = YES;
				CLANG_WARN_CONSTANT_CONVERSION = YES;
				CLANG_WARN_DEPRECATED_OBJC_IMPLEMENTATIONS = YES;
				CLANG_WARN_DIRECT_OBJC_ISA_USAGE = YES_ERROR;
				CLANG_WARN_DOCUMENTATION_COMMENTS = YES;
				CLANG_WARN_EMPTY_BODY = YES;
				CLANG_WARN_ENUM_CONVERSION = YES;
				CLANG_WARN_INFINITE_RECURSION = YES;
				CLANG_WARN_INT_CONVERSION = YES;
				CLANG_WARN_NON_LITERAL_NULL_CONVERSION = YES;
				CLANG_WARN_OBJC_IMPLICIT_RETAIN_SELF = YES;
				CLANG_WARN_OBJC_LITERAL_CONVERSION = YES;
				CLANG_WARN_OBJC_ROOT_CLASS = YES_ERROR;
				CLANG_WARN_QUOTED_INCLUDE_IN_FRAMEWORK_HEADER = YES;
				CLANG_WARN_RANGE_LOOP_ANALYSIS = YES;
				CLANG_WARN_STRICT_PROTOTYPES = YES;
				CLANG_WARN_SUSPICIOUS_MOVE = YES;
				CLANG_WARN_UNGUARDED_AVAILABILITY = YES_AGGRESSIVE;
				CLANG_WARN_UNREACHABLE_CODE = YES;
				CLANG_WARN__DUPLICATE_METHOD_MATCH = YES;
				CODE_SIGN_STYLE = Automatic;
				COPY_PHASE_STRIP = NO;
				DEBUG_INFORMATION_FORMAT = dwarf;
				DEVELOPMENT_TEAM = J2Y925QHNV;
				ENABLE_STRICT_OBJC_MSGSEND = YES;
				ENABLE_TESTABILITY = YES;
				GCC_C_LANGUAGE_STANDARD = gnu11;
				GCC_DYNAMIC_NO_PIC = NO;
				GCC_NO_COMMON_BLOCKS = YES;
				GCC_OPTIMIZATION_LEVEL = 0;
				GCC_PREPROCESSOR_DEFINITIONS = (
					"$(inherited)",
					"DEBUG=1",
				);
				GCC_WARN_64_TO_32_BIT_CONVERSION = YES;
				GCC_WARN_ABOUT_RETURN_TYPE = YES_ERROR;
				GCC_WARN_UNDECLARED_SELECTOR = YES;
				GCC_WARN_UNINITIALIZED_AUTOS = YES_AGGRESSIVE;
				GCC_WARN_UNUSED_FUNCTION = YES;
				GCC_WARN_UNUSED_VARIABLE = YES;
				MACOSX_DEPLOYMENT_TARGET = 14.0;
				MTL_ENABLE_DEBUG_INFO = INCLUDE_SOURCE;
				MTL_FAST_MATH = YES;
				ONLY_ACTIVE_ARCH = YES;
				PRODUCT_NAME = "$(TARGET_NAME)";
				SDKROOT = macosx;
				SWIFT_ACTIVE_COMPILATION_CONDITIONS = DEBUG;
				SWIFT_OPTIMIZATION_LEVEL = "-Onone";
				SWIFT_VERSION = 5.9;
			};
			name = Debug;
		};
		54B50CC177EEC94285E51DB0 /* Release */ = {
			isa = XCBuildConfiguration;
			buildSettings = {
				ASSETCATALOG_COMPILER_APPICON_NAME = AppIcon;
				CODE_SIGN_ENTITLEMENTS = JournalMac/App/JournalMac.entitlements;
				COMBINE_HIDPI_IMAGES = YES;
				GENERATE_INFOPLIST_FILE = YES;
				INFOPLIST_KEY_CFBundleDisplayName = Drops;
				INFOPLIST_KEY_LSApplicationCategoryType = "public.app-category.productivity";
				INFOPLIST_KEY_NSHumanReadableCopyright = "Copyright © 2025 IntelliEffect. All rights reserved.";
				LD_RUNPATH_SEARCH_PATHS = (
					"$(inherited)",
					"@executable_path/../Frameworks",
				);
				PRODUCT_BUNDLE_IDENTIFIER = com.intellieffect.drops.mac;
				PRODUCT_NAME = Drops;
				SDKROOT = macosx;
			};
			name = Release;
		};
		C06E17B9FE50AB969EBD80F7 /* Release */ = {
			isa = XCBuildConfiguration;
			buildSettings = {
				ALWAYS_SEARCH_USER_PATHS = NO;
				CLANG_ANALYZER_NONNULL = YES;
				CLANG_ANALYZER_NUMBER_OBJECT_CONVERSION = YES_AGGRESSIVE;
				CLANG_CXX_LANGUAGE_STANDARD = "gnu++14";
				CLANG_CXX_LIBRARY = "libc++";
				CLANG_ENABLE_MODULES = YES;
				CLANG_ENABLE_OBJC_ARC = YES;
				CLANG_ENABLE_OBJC_WEAK = YES;
				CLANG_WARN_BLOCK_CAPTURE_AUTORELEASING = YES;
				CLANG_WARN_BOOL_CONVERSION = YES;
				CLANG_WARN_COMMA = YES;
				CLANG_WARN_CONSTANT_CONVERSION = YES;
				CLANG_WARN_DEPRECATED_OBJC_IMPLEMENTATIONS = YES;
				CLANG_WARN_DIRECT_OBJC_ISA_USAGE = YES_ERROR;
				CLANG_WARN_DOCUMENTATION_COMMENTS = YES;
				CLANG_WARN_EMPTY_BODY = YES;
				CLANG_WARN_ENUM_CONVERSION = YES;
				CLANG_WARN_INFINITE_RECURSION = YES;
				CLANG_WARN_INT_CONVERSION = YES;
				CLANG_WARN_NON_LITERAL_NULL_CONVERSION = YES;
				CLANG_WARN_OBJC_IMPLICIT_RETAIN_SELF = YES;
				CLANG_WARN_OBJC_LITERAL_CONVERSION = YES;
				CLANG_WARN_OBJC_ROOT_CLASS = YES_ERROR;
				CLANG_WARN_QUOTED_INCLUDE_IN_FRAMEWORK_HEADER = YES;
				CLANG_WARN_RANGE_LOOP_ANALYSIS = YES;
				CLANG_WARN_STRICT_PROTOTYPES = YES;
				CLANG_WARN_SUSPICIOUS_MOVE = YES;
				CLANG_WARN_UNGUARDED_AVAILABILITY = YES_AGGRESSIVE;
				CLANG_WARN_UNREACHABLE_CODE = YES;
				CLANG_WARN__DUPLICATE_METHOD_MATCH = YES;
				CODE_SIGN_STYLE = Automatic;
				COPY_PHASE_STRIP = NO;
				DEBUG_INFORMATION_FORMAT = "dwarf-with-dsym";
				DEVELOPMENT_TEAM = J2Y925QHNV;
				ENABLE_NS_ASSERTIONS = NO;
				ENABLE_STRICT_OBJC_MSGSEND = YES;
				GCC_C_LANGUAGE_STANDARD = gnu11;
				GCC_NO_COMMON_BLOCKS = YES;
				GCC_WARN_64_TO_32_BIT_CONVERSION = YES;
				GCC_WARN_ABOUT_RETURN_TYPE = YES_ERROR;
				GCC_WARN_UNDECLARED_SELECTOR = YES;
				GCC_WARN_UNINITIALIZED_AUTOS = YES_AGGRESSIVE;
				GCC_WARN_UNUSED_FUNCTION = YES;
				GCC_WARN_UNUSED_VARIABLE = YES;
				MACOSX_DEPLOYMENT_TARGET = 14.0;
				MTL_ENABLE_DEBUG_INFO = NO;
				MTL_FAST_MATH = YES;
				PRODUCT_NAME = "$(TARGET_NAME)";
				SDKROOT = macosx;
				SWIFT_COMPILATION_MODE = wholemodule;
				SWIFT_OPTIMIZATION_LEVEL = "-O";
				SWIFT_VERSION = 5.9;
			};
			name = Release;
		};
		D66D3166AB03906E4B766450 /* Debug */ = {
			isa = XCBuildConfiguration;
			buildSettings = {
				ASSETCATALOG_COMPILER_APPICON_NAME = AppIcon;
				CODE_SIGN_ENTITLEMENTS = JournalMac/App/JournalMac.entitlements;
				COMBINE_HIDPI_IMAGES = YES;
				GENERATE_INFOPLIST_FILE = YES;
				INFOPLIST_KEY_CFBundleDisplayName = Drops;
				INFOPLIST_KEY_LSApplicationCategoryType = "public.app-category.productivity";
				INFOPLIST_KEY_NSHumanReadableCopyright = "Copyright © 2025 IntelliEffect. All rights reserved.";
				LD_RUNPATH_SEARCH_PATHS = (
					"$(inherited)",
					"@executable_path/../Frameworks",
				);
				PRODUCT_BUNDLE_IDENTIFIER = com.intellieffect.drops.mac;
				PRODUCT_NAME = Drops;
				SDKROOT = macosx;
			};
			name = Debug;
		};
/* End XCBuildConfiguration section */

/* Begin XCConfigurationList section */
		6846D953883E0693EB4B34B1 /* Build configuration list for PBXNativeTarget "JournalMac" */ = {
			isa = XCConfigurationList;
			buildConfigurations = (
				D66D3166AB03906E4B766450 /* Debug */,
				54B50CC177EEC94285E51DB0 /* Release */,
			);
			defaultConfigurationIsVisible = 0;
			defaultConfigurationName = Debug;
		};
		FE7B176D8236337F0C12557C /* Build configuration list for PBXProject "JournalMac" */ = {
			isa = XCConfigurationList;
			buildConfigurations = (
				46F8B0E81C30483D099EF5B8 /* Debug */,
				C06E17B9FE50AB969EBD80F7 /* Release */,
			);
			defaultConfigurationIsVisible = 0;
			defaultConfigurationName = Debug;
		};
/* End XCConfigurationList section */

/* Begin XCRemoteSwiftPackageReference section */
		B15930DEC56FAAB9E88A7BFE /* XCRemoteSwiftPackageReference "supabase-swift" */ = {
			isa = XCRemoteSwiftPackageReference;
			repositoryURL = "https://github.com/supabase/supabase-swift";
			requirement = {
				kind = upToNextMajorVersion;
				minimumVersion = 2.0.0;
			};
		};
/* End XCRemoteSwiftPackageReference section */

/* Begin XCSwiftPackageProductDependency section */
		70943F4220CCC5F0F0A81F7A /* Supabase */ = {
			isa = XCSwiftPackageProductDependency;
			package = B15930DEC56FAAB9E88A7BFE /* XCRemoteSwiftPackageReference "supabase-swift" */;
			productName = Supabase;
		};
/* End XCSwiftPackageProductDependency section */
	};
	rootObject = EF10DE9D60200A21CE048B2D /* Project object */;
}
